// !$*UTF8*$!
{
	archiveVersion = 1;
	classes = {
	};
	objectVersion = 55;
	objects = {

/* Begin PBXBuildFile section */
		0A4500B027D33B35007C7DC6 /* SplashViewController.swift in Sources */ = {isa = PBXBuildFile; fileRef = 0A4500AF27D33B34007C7DC6 /* SplashViewController.swift */; };
		0A728E2627C6412A00E37AF5 /* SettingInfo.swift in Sources */ = {isa = PBXBuildFile; fileRef = 0A728E2527C6412A00E37AF5 /* SettingInfo.swift */; };
		0A728E2827C642F100E37AF5 /* UserDefault+.swift in Sources */ = {isa = PBXBuildFile; fileRef = 0A728E2727C642F100E37AF5 /* UserDefault+.swift */; };
		0A85A203279EDE1900BE758C /* AppDelegate.swift in Sources */ = {isa = PBXBuildFile; fileRef = 0A85A202279EDE1900BE758C /* AppDelegate.swift */; };
		0A85A205279EDE1900BE758C /* SceneDelegate.swift in Sources */ = {isa = PBXBuildFile; fileRef = 0A85A204279EDE1900BE758C /* SceneDelegate.swift */; };
		0A85A207279EDE1900BE758C /* MainViewController.swift in Sources */ = {isa = PBXBuildFile; fileRef = 0A85A206279EDE1900BE758C /* MainViewController.swift */; };
		0A85A20A279EDE1900BE758C /* Main.storyboard in Resources */ = {isa = PBXBuildFile; fileRef = 0A85A208279EDE1900BE758C /* Main.storyboard */; };
		0A85A20C279EDE1C00BE758C /* Assets.xcassets in Resources */ = {isa = PBXBuildFile; fileRef = 0A85A20B279EDE1C00BE758C /* Assets.xcassets */; };
		0A85A20F279EDE1C00BE758C /* LaunchScreen.storyboard in Resources */ = {isa = PBXBuildFile; fileRef = 0A85A20D279EDE1C00BE758C /* LaunchScreen.storyboard */; };
		0A85A21A279EDE1D00BE758C /* life_betTests.swift in Sources */ = {isa = PBXBuildFile; fileRef = 0A85A219279EDE1D00BE758C /* life_betTests.swift */; };
		0A85A224279EDE1D00BE758C /* life_betUITests.swift in Sources */ = {isa = PBXBuildFile; fileRef = 0A85A223279EDE1D00BE758C /* life_betUITests.swift */; };
		0A85A226279EDE1D00BE758C /* life_betUITestsLaunchTests.swift in Sources */ = {isa = PBXBuildFile; fileRef = 0A85A225279EDE1D00BE758C /* life_betUITestsLaunchTests.swift */; };
		0A85A233279EDF8300BE758C /* BaseViewController.swift in Sources */ = {isa = PBXBuildFile; fileRef = 0A85A232279EDF8300BE758C /* BaseViewController.swift */; };
		0A85A236279EE14800BE758C /* CommonWords.swift in Sources */ = {isa = PBXBuildFile; fileRef = 0A85A235279EE14800BE758C /* CommonWords.swift */; };
		0A85A23A27A6B40500BE758C /* PercentViewController.swift in Sources */ = {isa = PBXBuildFile; fileRef = 0A85A23927A6B40500BE758C /* PercentViewController.swift */; };
		0A85A23D27AC072500BE758C /* UIColor+.swift in Sources */ = {isa = PBXBuildFile; fileRef = 0A85A23C27AC072500BE758C /* UIColor+.swift */; };
		0A85A23F27AC0DCD00BE758C /* NumberDecideViewController.swift in Sources */ = {isa = PBXBuildFile; fileRef = 0A85A23E27AC0DCC00BE758C /* NumberDecideViewController.swift */; };
		0A85A24127B1500800BE758C /* UIButton+.swift in Sources */ = {isa = PBXBuildFile; fileRef = 0A85A24027B1500800BE758C /* UIButton+.swift */; };
		0A85A24A27B50D2F00BE758C /* cut_sword.mp3 in Resources */ = {isa = PBXBuildFile; fileRef = 0A85A24327B50D2E00BE758C /* cut_sword.mp3 */; };
		0A85A24B27B50D2F00BE758C /* incorrect_answer.mp3 in Resources */ = {isa = PBXBuildFile; fileRef = 0A85A24427B50D2E00BE758C /* incorrect_answer.mp3 */; };
		0A85A24C27B50D2F00BE758C /* cheers_and_applause.mp3 in Resources */ = {isa = PBXBuildFile; fileRef = 0A85A24527B50D2E00BE758C /* cheers_and_applause.mp3 */; };
		0A85A24D27B50D2F00BE758C /* button_tap_sound.mp3 in Resources */ = {isa = PBXBuildFile; fileRef = 0A85A24627B50D2E00BE758C /* button_tap_sound.mp3 */; };
		0A85A24E27B50D2F00BE758C /* dragon_roar.mp3 in Resources */ = {isa = PBXBuildFile; fileRef = 0A85A24727B50D2F00BE758C /* dragon_roar.mp3 */; };
		0A85A24F27B50D2F00BE758C /* lightning_strike.mp3 in Resources */ = {isa = PBXBuildFile; fileRef = 0A85A24827B50D2F00BE758C /* lightning_strike.mp3 */; };
		0A85A25027B50D2F00BE758C /* drum_roll.mp3 in Resources */ = {isa = PBXBuildFile; fileRef = 0A85A24927B50D2F00BE758C /* drum_roll.mp3 */; };
		0A85A25427C25A9D00BE758C /* kyuin.mp3 in Resources */ = {isa = PBXBuildFile; fileRef = 0A85A25327C25A9D00BE758C /* kyuin.mp3 */; };
		0A85A25827C25E0700BE758C /* yeah.mp3 in Resources */ = {isa = PBXBuildFile; fileRef = 0A85A25527C25E0600BE758C /* yeah.mp3 */; };
		0A85A25927C25E0700BE758C /* don.mp3 in Resources */ = {isa = PBXBuildFile; fileRef = 0A85A25627C25E0700BE758C /* don.mp3 */; };
		0A85A25A27C25E0700BE758C /* do_don.mp3 in Resources */ = {isa = PBXBuildFile; fileRef = 0A85A25727C25E0700BE758C /* do_don.mp3 */; };
		0A85A25C27C25F9E00BE758C /* syakin.mp3 in Resources */ = {isa = PBXBuildFile; fileRef = 0A85A25B27C25F9E00BE758C /* syakin.mp3 */; };
		0A85A25E27C61DD000BE758C /* SettingViewController.swift in Sources */ = {isa = PBXBuildFile; fileRef = 0A85A25D27C61DCF00BE758C /* SettingViewController.swift */; };
		34B2A78FB3F60D1CE96EAC6C /* Pods_life_bet.framework in Frameworks */ = {isa = PBXBuildFile; fileRef = 524CCBBD39F444A1723DD668 /* Pods_life_bet.framework */; };
/* End PBXBuildFile section */

/* Begin PBXContainerItemProxy section */
		0A85A216279EDE1D00BE758C /* PBXContainerItemProxy */ = {
			isa = PBXContainerItemProxy;
			containerPortal = 0A85A1F7279EDE1900BE758C /* Project object */;
			proxyType = 1;
			remoteGlobalIDString = 0A85A1FE279EDE1900BE758C;
			remoteInfo = "life-bet";
		};
		0A85A220279EDE1D00BE758C /* PBXContainerItemProxy */ = {
			isa = PBXContainerItemProxy;
			containerPortal = 0A85A1F7279EDE1900BE758C /* Project object */;
			proxyType = 1;
			remoteGlobalIDString = 0A85A1FE279EDE1900BE758C;
			remoteInfo = "life-bet";
		};
/* End PBXContainerItemProxy section */

/* Begin PBXFileReference section */
		058362ACF0AA162A9E5B3FB1 /* Pods-life-bet.debug.xcconfig */ = {isa = PBXFileReference; includeInIndex = 1; lastKnownFileType = text.xcconfig; name = "Pods-life-bet.debug.xcconfig"; path = "Target Support Files/Pods-life-bet/Pods-life-bet.debug.xcconfig"; sourceTree = "<group>"; };
		0A4500AF27D33B34007C7DC6 /* SplashViewController.swift */ = {isa = PBXFileReference; lastKnownFileType = sourcecode.swift; path = SplashViewController.swift; sourceTree = "<group>"; };
		0A728E2527C6412A00E37AF5 /* SettingInfo.swift */ = {isa = PBXFileReference; lastKnownFileType = sourcecode.swift; path = SettingInfo.swift; sourceTree = "<group>"; };
		0A728E2727C642F100E37AF5 /* UserDefault+.swift */ = {isa = PBXFileReference; lastKnownFileType = sourcecode.swift; path = "UserDefault+.swift"; sourceTree = "<group>"; };
		0A85A1FF279EDE1900BE758C /* life-bet.app */ = {isa = PBXFileReference; explicitFileType = wrapper.application; includeInIndex = 0; path = "life-bet.app"; sourceTree = BUILT_PRODUCTS_DIR; };
		0A85A202279EDE1900BE758C /* AppDelegate.swift */ = {isa = PBXFileReference; lastKnownFileType = sourcecode.swift; path = AppDelegate.swift; sourceTree = "<group>"; };
		0A85A204279EDE1900BE758C /* SceneDelegate.swift */ = {isa = PBXFileReference; lastKnownFileType = sourcecode.swift; path = SceneDelegate.swift; sourceTree = "<group>"; };
		0A85A206279EDE1900BE758C /* MainViewController.swift */ = {isa = PBXFileReference; lastKnownFileType = sourcecode.swift; path = MainViewController.swift; sourceTree = "<group>"; };
		0A85A209279EDE1900BE758C /* Base */ = {isa = PBXFileReference; lastKnownFileType = file.storyboard; name = Base; path = Base.lproj/Main.storyboard; sourceTree = "<group>"; };
		0A85A20B279EDE1C00BE758C /* Assets.xcassets */ = {isa = PBXFileReference; lastKnownFileType = folder.assetcatalog; path = Assets.xcassets; sourceTree = "<group>"; };
		0A85A20E279EDE1C00BE758C /* Base */ = {isa = PBXFileReference; lastKnownFileType = file.storyboard; name = Base; path = Base.lproj/LaunchScreen.storyboard; sourceTree = "<group>"; };
		0A85A210279EDE1C00BE758C /* Info.plist */ = {isa = PBXFileReference; lastKnownFileType = text.plist.xml; path = Info.plist; sourceTree = "<group>"; };
		0A85A215279EDE1D00BE758C /* life-betTests.xctest */ = {isa = PBXFileReference; explicitFileType = wrapper.cfbundle; includeInIndex = 0; path = "life-betTests.xctest"; sourceTree = BUILT_PRODUCTS_DIR; };
		0A85A219279EDE1D00BE758C /* life_betTests.swift */ = {isa = PBXFileReference; lastKnownFileType = sourcecode.swift; path = life_betTests.swift; sourceTree = "<group>"; };
		0A85A21F279EDE1D00BE758C /* life-betUITests.xctest */ = {isa = PBXFileReference; explicitFileType = wrapper.cfbundle; includeInIndex = 0; path = "life-betUITests.xctest"; sourceTree = BUILT_PRODUCTS_DIR; };
		0A85A223279EDE1D00BE758C /* life_betUITests.swift */ = {isa = PBXFileReference; lastKnownFileType = sourcecode.swift; path = life_betUITests.swift; sourceTree = "<group>"; };
		0A85A225279EDE1D00BE758C /* life_betUITestsLaunchTests.swift */ = {isa = PBXFileReference; lastKnownFileType = sourcecode.swift; path = life_betUITestsLaunchTests.swift; sourceTree = "<group>"; };
		0A85A232279EDF8300BE758C /* BaseViewController.swift */ = {isa = PBXFileReference; lastKnownFileType = sourcecode.swift; path = BaseViewController.swift; sourceTree = "<group>"; };
		0A85A235279EE14800BE758C /* CommonWords.swift */ = {isa = PBXFileReference; lastKnownFileType = sourcecode.swift; path = CommonWords.swift; sourceTree = "<group>"; };
		0A85A23927A6B40500BE758C /* PercentViewController.swift */ = {isa = PBXFileReference; lastKnownFileType = sourcecode.swift; path = PercentViewController.swift; sourceTree = "<group>"; };
		0A85A23C27AC072500BE758C /* UIColor+.swift */ = {isa = PBXFileReference; lastKnownFileType = sourcecode.swift; path = "UIColor+.swift"; sourceTree = "<group>"; };
		0A85A23E27AC0DCC00BE758C /* NumberDecideViewController.swift */ = {isa = PBXFileReference; lastKnownFileType = sourcecode.swift; path = NumberDecideViewController.swift; sourceTree = "<group>"; };
		0A85A24027B1500800BE758C /* UIButton+.swift */ = {isa = PBXFileReference; lastKnownFileType = sourcecode.swift; path = "UIButton+.swift"; sourceTree = "<group>"; };
		0A85A24327B50D2E00BE758C /* cut_sword.mp3 */ = {isa = PBXFileReference; lastKnownFileType = audio.mp3; path = cut_sword.mp3; sourceTree = "<group>"; };
		0A85A24427B50D2E00BE758C /* incorrect_answer.mp3 */ = {isa = PBXFileReference; lastKnownFileType = audio.mp3; path = incorrect_answer.mp3; sourceTree = "<group>"; };
		0A85A24527B50D2E00BE758C /* cheers_and_applause.mp3 */ = {isa = PBXFileReference; lastKnownFileType = audio.mp3; path = cheers_and_applause.mp3; sourceTree = "<group>"; };
		0A85A24627B50D2E00BE758C /* button_tap_sound.mp3 */ = {isa = PBXFileReference; lastKnownFileType = audio.mp3; path = button_tap_sound.mp3; sourceTree = "<group>"; };
		0A85A24727B50D2F00BE758C /* dragon_roar.mp3 */ = {isa = PBXFileReference; lastKnownFileType = audio.mp3; path = dragon_roar.mp3; sourceTree = "<group>"; };
		0A85A24827B50D2F00BE758C /* lightning_strike.mp3 */ = {isa = PBXFileReference; lastKnownFileType = audio.mp3; path = lightning_strike.mp3; sourceTree = "<group>"; };
		0A85A24927B50D2F00BE758C /* drum_roll.mp3 */ = {isa = PBXFileReference; lastKnownFileType = audio.mp3; path = drum_roll.mp3; sourceTree = "<group>"; };
		0A85A25327C25A9D00BE758C /* kyuin.mp3 */ = {isa = PBXFileReference; lastKnownFileType = audio.mp3; path = kyuin.mp3; sourceTree = "<group>"; };
		0A85A25527C25E0600BE758C /* yeah.mp3 */ = {isa = PBXFileReference; lastKnownFileType = audio.mp3; path = yeah.mp3; sourceTree = "<group>"; };
		0A85A25627C25E0700BE758C /* don.mp3 */ = {isa = PBXFileReference; lastKnownFileType = audio.mp3; path = don.mp3; sourceTree = "<group>"; };
		0A85A25727C25E0700BE758C /* do_don.mp3 */ = {isa = PBXFileReference; lastKnownFileType = audio.mp3; path = do_don.mp3; sourceTree = "<group>"; };
		0A85A25B27C25F9E00BE758C /* syakin.mp3 */ = {isa = PBXFileReference; lastKnownFileType = audio.mp3; path = syakin.mp3; sourceTree = "<group>"; };
		0A85A25D27C61DCF00BE758C /* SettingViewController.swift */ = {isa = PBXFileReference; lastKnownFileType = sourcecode.swift; path = SettingViewController.swift; sourceTree = "<group>"; };
		524CCBBD39F444A1723DD668 /* Pods_life_bet.framework */ = {isa = PBXFileReference; explicitFileType = wrapper.framework; includeInIndex = 0; path = Pods_life_bet.framework; sourceTree = BUILT_PRODUCTS_DIR; };
		6BD2E91D82DD7402CD4BC666 /* Pods-life-bet.release.xcconfig */ = {isa = PBXFileReference; includeInIndex = 1; lastKnownFileType = text.xcconfig; name = "Pods-life-bet.release.xcconfig"; path = "Target Support Files/Pods-life-bet/Pods-life-bet.release.xcconfig"; sourceTree = "<group>"; };
/* End PBXFileReference section */

/* Begin PBXFrameworksBuildPhase section */
		0A85A1FC279EDE1900BE758C /* Frameworks */ = {
			isa = PBXFrameworksBuildPhase;
			buildActionMask = 2147483647;
			files = (
				34B2A78FB3F60D1CE96EAC6C /* Pods_life_bet.framework in Frameworks */,
			);
			runOnlyForDeploymentPostprocessing = 0;
		};
		0A85A212279EDE1D00BE758C /* Frameworks */ = {
			isa = PBXFrameworksBuildPhase;
			buildActionMask = 2147483647;
			files = (
			);
			runOnlyForDeploymentPostprocessing = 0;
		};
		0A85A21C279EDE1D00BE758C /* Frameworks */ = {
			isa = PBXFrameworksBuildPhase;
			buildActionMask = 2147483647;
			files = (
			);
			runOnlyForDeploymentPostprocessing = 0;
		};
/* End PBXFrameworksBuildPhase section */

/* Begin PBXGroup section */
		0A728E2427C6411900E37AF5 /* model */ = {
			isa = PBXGroup;
			children = (
				0A728E2527C6412A00E37AF5 /* SettingInfo.swift */,
			);
			path = model;
			sourceTree = "<group>";
		};
		0A85A1F6279EDE1900BE758C = {
			isa = PBXGroup;
			children = (
				0A85A201279EDE1900BE758C /* life-bet */,
				0A85A218279EDE1D00BE758C /* life-betTests */,
				0A85A222279EDE1D00BE758C /* life-betUITests */,
				0A85A200279EDE1900BE758C /* Products */,
				9C51C3F68D79B39C830368F3 /* Pods */,
				7AC12DA2787788CDF0086F3A /* Frameworks */,
			);
			sourceTree = "<group>";
		};
		0A85A200279EDE1900BE758C /* Products */ = {
			isa = PBXGroup;
			children = (
				0A85A1FF279EDE1900BE758C /* life-bet.app */,
				0A85A215279EDE1D00BE758C /* life-betTests.xctest */,
				0A85A21F279EDE1D00BE758C /* life-betUITests.xctest */,
			);
			name = Products;
			sourceTree = "<group>";
		};
		0A85A201279EDE1900BE758C /* life-bet */ = {
			isa = PBXGroup;
			children = (
				0A728E2427C6411900E37AF5 /* model */,
				0A85A24227B50D0400BE758C /* sounds */,
				0A85A23B27AC070400BE758C /* Extension */,
				0A85A238279EE5CF00BE758C /* storyBoard */,
				0A85A237279EE5B000BE758C /* view */,
				0A85A234279EE12700BE758C /* common */,
				0A85A202279EDE1900BE758C /* AppDelegate.swift */,
				0A85A204279EDE1900BE758C /* SceneDelegate.swift */,
				0A85A20B279EDE1C00BE758C /* Assets.xcassets */,
				0A85A20D279EDE1C00BE758C /* LaunchScreen.storyboard */,
				0A85A210279EDE1C00BE758C /* Info.plist */,
			);
			path = "life-bet";
			sourceTree = "<group>";
		};
		0A85A218279EDE1D00BE758C /* life-betTests */ = {
			isa = PBXGroup;
			children = (
				0A85A219279EDE1D00BE758C /* life_betTests.swift */,
			);
			path = "life-betTests";
			sourceTree = "<group>";
		};
		0A85A222279EDE1D00BE758C /* life-betUITests */ = {
			isa = PBXGroup;
			children = (
				0A85A223279EDE1D00BE758C /* life_betUITests.swift */,
				0A85A225279EDE1D00BE758C /* life_betUITestsLaunchTests.swift */,
			);
			path = "life-betUITests";
			sourceTree = "<group>";
		};
		0A85A234279EE12700BE758C /* common */ = {
			isa = PBXGroup;
			children = (
				0A85A235279EE14800BE758C /* CommonWords.swift */,
			);
			path = common;
			sourceTree = "<group>";
		};
		0A85A237279EE5B000BE758C /* view */ = {
			isa = PBXGroup;
			children = (
				0A85A232279EDF8300BE758C /* BaseViewController.swift */,
				0A85A206279EDE1900BE758C /* MainViewController.swift */,
				0A85A23927A6B40500BE758C /* PercentViewController.swift */,
				0A85A23E27AC0DCC00BE758C /* NumberDecideViewController.swift */,
				0A85A25D27C61DCF00BE758C /* SettingViewController.swift */,
				0A4500AF27D33B34007C7DC6 /* SplashViewController.swift */,
			);
			path = view;
			sourceTree = "<group>";
		};
		0A85A238279EE5CF00BE758C /* storyBoard */ = {
			isa = PBXGroup;
			children = (
				0A85A208279EDE1900BE758C /* Main.storyboard */,
			);
			path = storyBoard;
			sourceTree = "<group>";
		};
		0A85A23B27AC070400BE758C /* Extension */ = {
			isa = PBXGroup;
			children = (
				0A85A23C27AC072500BE758C /* UIColor+.swift */,
				0A85A24027B1500800BE758C /* UIButton+.swift */,
				0A728E2727C642F100E37AF5 /* UserDefault+.swift */,
			);
			path = Extension;
			sourceTree = "<group>";
		};
		0A85A24227B50D0400BE758C /* sounds */ = {
			isa = PBXGroup;
			children = (
				0A85A25B27C25F9E00BE758C /* syakin.mp3 */,
				0A85A25727C25E0700BE758C /* do_don.mp3 */,
				0A85A25627C25E0700BE758C /* don.mp3 */,
				0A85A25527C25E0600BE758C /* yeah.mp3 */,
				0A85A25327C25A9D00BE758C /* kyuin.mp3 */,
				0A85A24627B50D2E00BE758C /* button_tap_sound.mp3 */,
				0A85A24527B50D2E00BE758C /* cheers_and_applause.mp3 */,
				0A85A24327B50D2E00BE758C /* cut_sword.mp3 */,
				0A85A24727B50D2F00BE758C /* dragon_roar.mp3 */,
				0A85A24927B50D2F00BE758C /* drum_roll.mp3 */,
				0A85A24427B50D2E00BE758C /* incorrect_answer.mp3 */,
				0A85A24827B50D2F00BE758C /* lightning_strike.mp3 */,
			);
			path = sounds;
			sourceTree = "<group>";
		};
		7AC12DA2787788CDF0086F3A /* Frameworks */ = {
			isa = PBXGroup;
			children = (
				524CCBBD39F444A1723DD668 /* Pods_life_bet.framework */,
			);
			name = Frameworks;
			sourceTree = "<group>";
		};
		9C51C3F68D79B39C830368F3 /* Pods */ = {
			isa = PBXGroup;
			children = (
				058362ACF0AA162A9E5B3FB1 /* Pods-life-bet.debug.xcconfig */,
				6BD2E91D82DD7402CD4BC666 /* Pods-life-bet.release.xcconfig */,
			);
			path = Pods;
			sourceTree = "<group>";
		};
/* End PBXGroup section */

/* Begin PBXNativeTarget section */
		0A85A1FE279EDE1900BE758C /* life-bet */ = {
			isa = PBXNativeTarget;
			buildConfigurationList = 0A85A229279EDE1D00BE758C /* Build configuration list for PBXNativeTarget "life-bet" */;
			buildPhases = (
				7DA2BFFC7C4D3974A9C3E61C /* [CP] Check Pods Manifest.lock */,
				0A85A1FB279EDE1900BE758C /* Sources */,
				0A85A1FC279EDE1900BE758C /* Frameworks */,
				0A85A1FD279EDE1900BE758C /* Resources */,
				74AC2307AC56A7974B1B72B2 /* [CP] Embed Pods Frameworks */,
			);
			buildRules = (
			);
			dependencies = (
			);
			name = "life-bet";
			productName = "life-bet";
			productReference = 0A85A1FF279EDE1900BE758C /* life-bet.app */;
			productType = "com.apple.product-type.application";
		};
		0A85A214279EDE1D00BE758C /* life-betTests */ = {
			isa = PBXNativeTarget;
			buildConfigurationList = 0A85A22C279EDE1D00BE758C /* Build configuration list for PBXNativeTarget "life-betTests" */;
			buildPhases = (
				0A85A211279EDE1D00BE758C /* Sources */,
				0A85A212279EDE1D00BE758C /* Frameworks */,
				0A85A213279EDE1D00BE758C /* Resources */,
			);
			buildRules = (
			);
			dependencies = (
				0A85A217279EDE1D00BE758C /* PBXTargetDependency */,
			);
			name = "life-betTests";
			productName = "life-betTests";
			productReference = 0A85A215279EDE1D00BE758C /* life-betTests.xctest */;
			productType = "com.apple.product-type.bundle.unit-test";
		};
		0A85A21E279EDE1D00BE758C /* life-betUITests */ = {
			isa = PBXNativeTarget;
			buildConfigurationList = 0A85A22F279EDE1D00BE758C /* Build configuration list for PBXNativeTarget "life-betUITests" */;
			buildPhases = (
				0A85A21B279EDE1D00BE758C /* Sources */,
				0A85A21C279EDE1D00BE758C /* Frameworks */,
				0A85A21D279EDE1D00BE758C /* Resources */,
			);
			buildRules = (
			);
			dependencies = (
				0A85A221279EDE1D00BE758C /* PBXTargetDependency */,
			);
			name = "life-betUITests";
			productName = "life-betUITests";
			productReference = 0A85A21F279EDE1D00BE758C /* life-betUITests.xctest */;
			productType = "com.apple.product-type.bundle.ui-testing";
		};
/* End PBXNativeTarget section */

/* Begin PBXProject section */
		0A85A1F7279EDE1900BE758C /* Project object */ = {
			isa = PBXProject;
			attributes = {
				BuildIndependentTargetsInParallel = 1;
				LastSwiftUpdateCheck = 1320;
				LastUpgradeCheck = 1320;
				TargetAttributes = {
					0A85A1FE279EDE1900BE758C = {
						CreatedOnToolsVersion = 13.2.1;
					};
					0A85A214279EDE1D00BE758C = {
						CreatedOnToolsVersion = 13.2.1;
						TestTargetID = 0A85A1FE279EDE1900BE758C;
					};
					0A85A21E279EDE1D00BE758C = {
						CreatedOnToolsVersion = 13.2.1;
						TestTargetID = 0A85A1FE279EDE1900BE758C;
					};
				};
			};
			buildConfigurationList = 0A85A1FA279EDE1900BE758C /* Build configuration list for PBXProject "life-bet" */;
			compatibilityVersion = "Xcode 13.0";
			developmentRegion = en;
			hasScannedForEncodings = 0;
			knownRegions = (
				en,
				Base,
			);
			mainGroup = 0A85A1F6279EDE1900BE758C;
			productRefGroup = 0A85A200279EDE1900BE758C /* Products */;
			projectDirPath = "";
			projectRoot = "";
			targets = (
				0A85A1FE279EDE1900BE758C /* life-bet */,
				0A85A214279EDE1D00BE758C /* life-betTests */,
				0A85A21E279EDE1D00BE758C /* life-betUITests */,
			);
		};
/* End PBXProject section */

/* Begin PBXResourcesBuildPhase section */
		0A85A1FD279EDE1900BE758C /* Resources */ = {
			isa = PBXResourcesBuildPhase;
			buildActionMask = 2147483647;
			files = (
				0A85A24D27B50D2F00BE758C /* button_tap_sound.mp3 in Resources */,
				0A85A20F279EDE1C00BE758C /* LaunchScreen.storyboard in Resources */,
				0A85A24A27B50D2F00BE758C /* cut_sword.mp3 in Resources */,
				0A85A24E27B50D2F00BE758C /* dragon_roar.mp3 in Resources */,
				0A85A24F27B50D2F00BE758C /* lightning_strike.mp3 in Resources */,
				0A85A25827C25E0700BE758C /* yeah.mp3 in Resources */,
				0A85A24B27B50D2F00BE758C /* incorrect_answer.mp3 in Resources */,
				0A85A25927C25E0700BE758C /* don.mp3 in Resources */,
				0A85A20C279EDE1C00BE758C /* Assets.xcassets in Resources */,
				0A85A25A27C25E0700BE758C /* do_don.mp3 in Resources */,
				0A85A20A279EDE1900BE758C /* Main.storyboard in Resources */,
				0A85A25427C25A9D00BE758C /* kyuin.mp3 in Resources */,
				0A85A25C27C25F9E00BE758C /* syakin.mp3 in Resources */,
				0A85A24C27B50D2F00BE758C /* cheers_and_applause.mp3 in Resources */,
				0A85A25027B50D2F00BE758C /* drum_roll.mp3 in Resources */,
			);
			runOnlyForDeploymentPostprocessing = 0;
		};
		0A85A213279EDE1D00BE758C /* Resources */ = {
			isa = PBXResourcesBuildPhase;
			buildActionMask = 2147483647;
			files = (
			);
			runOnlyForDeploymentPostprocessing = 0;
		};
		0A85A21D279EDE1D00BE758C /* Resources */ = {
			isa = PBXResourcesBuildPhase;
			buildActionMask = 2147483647;
			files = (
			);
			runOnlyForDeploymentPostprocessing = 0;
		};
/* End PBXResourcesBuildPhase section */

/* Begin PBXShellScriptBuildPhase section */
		74AC2307AC56A7974B1B72B2 /* [CP] Embed Pods Frameworks */ = {
			isa = PBXShellScriptBuildPhase;
			buildActionMask = 2147483647;
			files = (
			);
			inputFileListPaths = (
				"${PODS_ROOT}/Target Support Files/Pods-life-bet/Pods-life-bet-frameworks-${CONFIGURATION}-input-files.xcfilelist",
			);
			name = "[CP] Embed Pods Frameworks";
			outputFileListPaths = (
				"${PODS_ROOT}/Target Support Files/Pods-life-bet/Pods-life-bet-frameworks-${CONFIGURATION}-output-files.xcfilelist",
			);
			runOnlyForDeploymentPostprocessing = 0;
			shellPath = /bin/sh;
			shellScript = "\"${PODS_ROOT}/Target Support Files/Pods-life-bet/Pods-life-bet-frameworks.sh\"\n";
			showEnvVarsInLog = 0;
		};
		7DA2BFFC7C4D3974A9C3E61C /* [CP] Check Pods Manifest.lock */ = {
			isa = PBXShellScriptBuildPhase;
			buildActionMask = 2147483647;
			files = (
			);
			inputFileListPaths = (
			);
			inputPaths = (
				"${PODS_PODFILE_DIR_PATH}/Podfile.lock",
				"${PODS_ROOT}/Manifest.lock",
			);
			name = "[CP] Check Pods Manifest.lock";
			outputFileListPaths = (
			);
			outputPaths = (
				"$(DERIVED_FILE_DIR)/Pods-life-bet-checkManifestLockResult.txt",
			);
			runOnlyForDeploymentPostprocessing = 0;
			shellPath = /bin/sh;
			shellScript = "diff \"${PODS_PODFILE_DIR_PATH}/Podfile.lock\" \"${PODS_ROOT}/Manifest.lock\" > /dev/null\nif [ $? != 0 ] ; then\n    # print error to STDERR\n    echo \"error: The sandbox is not in sync with the Podfile.lock. Run 'pod install' or update your CocoaPods installation.\" >&2\n    exit 1\nfi\n# This output is used by Xcode 'outputs' to avoid re-running this script phase.\necho \"SUCCESS\" > \"${SCRIPT_OUTPUT_FILE_0}\"\n";
			showEnvVarsInLog = 0;
		};
/* End PBXShellScriptBuildPhase section */

/* Begin PBXSourcesBuildPhase section */
		0A85A1FB279EDE1900BE758C /* Sources */ = {
			isa = PBXSourcesBuildPhase;
			buildActionMask = 2147483647;
			files = (
				0A85A207279EDE1900BE758C /* MainViewController.swift in Sources */,
				0A85A233279EDF8300BE758C /* BaseViewController.swift in Sources */,
				0A728E2627C6412A00E37AF5 /* SettingInfo.swift in Sources */,
				0A85A23F27AC0DCD00BE758C /* NumberDecideViewController.swift in Sources */,
				0A728E2827C642F100E37AF5 /* UserDefault+.swift in Sources */,
				0A85A23A27A6B40500BE758C /* PercentViewController.swift in Sources */,
				0A4500B027D33B35007C7DC6 /* SplashViewController.swift in Sources */,
				0A85A24127B1500800BE758C /* UIButton+.swift in Sources */,
				0A85A25E27C61DD000BE758C /* SettingViewController.swift in Sources */,
				0A85A203279EDE1900BE758C /* AppDelegate.swift in Sources */,
				0A85A205279EDE1900BE758C /* SceneDelegate.swift in Sources */,
				0A85A236279EE14800BE758C /* CommonWords.swift in Sources */,
				0A85A23D27AC072500BE758C /* UIColor+.swift in Sources */,
			);
			runOnlyForDeploymentPostprocessing = 0;
		};
		0A85A211279EDE1D00BE758C /* Sources */ = {
			isa = PBXSourcesBuildPhase;
			buildActionMask = 2147483647;
			files = (
				0A85A21A279EDE1D00BE758C /* life_betTests.swift in Sources */,
			);
			runOnlyForDeploymentPostprocessing = 0;
		};
		0A85A21B279EDE1D00BE758C /* Sources */ = {
			isa = PBXSourcesBuildPhase;
			buildActionMask = 2147483647;
			files = (
				0A85A226279EDE1D00BE758C /* life_betUITestsLaunchTests.swift in Sources */,
				0A85A224279EDE1D00BE758C /* life_betUITests.swift in Sources */,
			);
			runOnlyForDeploymentPostprocessing = 0;
		};
/* End PBXSourcesBuildPhase section */

/* Begin PBXTargetDependency section */
		0A85A217279EDE1D00BE758C /* PBXTargetDependency */ = {
			isa = PBXTargetDependency;
			target = 0A85A1FE279EDE1900BE758C /* life-bet */;
			targetProxy = 0A85A216279EDE1D00BE758C /* PBXContainerItemProxy */;
		};
		0A85A221279EDE1D00BE758C /* PBXTargetDependency */ = {
			isa = PBXTargetDependency;
			target = 0A85A1FE279EDE1900BE758C /* life-bet */;
			targetProxy = 0A85A220279EDE1D00BE758C /* PBXContainerItemProxy */;
		};
/* End PBXTargetDependency section */

/* Begin PBXVariantGroup section */
		0A85A208279EDE1900BE758C /* Main.storyboard */ = {
			isa = PBXVariantGroup;
			children = (
				0A85A209279EDE1900BE758C /* Base */,
			);
			name = Main.storyboard;
			sourceTree = "<group>";
		};
		0A85A20D279EDE1C00BE758C /* LaunchScreen.storyboard */ = {
			isa = PBXVariantGroup;
			children = (
				0A85A20E279EDE1C00BE758C /* Base */,
			);
			name = LaunchScreen.storyboard;
			sourceTree = "<group>";
		};
/* End PBXVariantGroup section */

/* Begin XCBuildConfiguration section */
		0A85A227279EDE1D00BE758C /* Debug */ = {
			isa = XCBuildConfiguration;
			buildSettings = {
				ALWAYS_SEARCH_USER_PATHS = NO;
				CLANG_ANALYZER_NONNULL = YES;
				CLANG_ANALYZER_NUMBER_OBJECT_CONVERSION = YES_AGGRESSIVE;
				CLANG_CXX_LANGUAGE_STANDARD = "gnu++17";
				CLANG_CXX_LIBRARY = "libc++";
				CLANG_ENABLE_MODULES = YES;
				CLANG_ENABLE_OBJC_ARC = YES;
				CLANG_ENABLE_OBJC_WEAK = YES;
				CLANG_WARN_BLOCK_CAPTURE_AUTORELEASING = YES;
				CLANG_WARN_BOOL_CONVERSION = YES;
				CLANG_WARN_COMMA = YES;
				CLANG_WARN_CONSTANT_CONVERSION = YES;
				CLANG_WARN_DEPRECATED_OBJC_IMPLEMENTATIONS = YES;
				CLANG_WARN_DIRECT_OBJC_ISA_USAGE = YES_ERROR;
				CLANG_WARN_DOCUMENTATION_COMMENTS = YES;
				CLANG_WARN_EMPTY_BODY = YES;
				CLANG_WARN_ENUM_CONVERSION = YES;
				CLANG_WARN_INFINITE_RECURSION = YES;
				CLANG_WARN_INT_CONVERSION = YES;
				CLANG_WARN_NON_LITERAL_NULL_CONVERSION = YES;
				CLANG_WARN_OBJC_IMPLICIT_RETAIN_SELF = YES;
				CLANG_WARN_OBJC_LITERAL_CONVERSION = YES;
				CLANG_WARN_OBJC_ROOT_CLASS = YES_ERROR;
				CLANG_WARN_QUOTED_INCLUDE_IN_FRAMEWORK_HEADER = YES;
				CLANG_WARN_RANGE_LOOP_ANALYSIS = YES;
				CLANG_WARN_STRICT_PROTOTYPES = YES;
				CLANG_WARN_SUSPICIOUS_MOVE = YES;
				CLANG_WARN_UNGUARDED_AVAILABILITY = YES_AGGRESSIVE;
				CLANG_WARN_UNREACHABLE_CODE = YES;
				CLANG_WARN__DUPLICATE_METHOD_MATCH = YES;
				COPY_PHASE_STRIP = NO;
				DEBUG_INFORMATION_FORMAT = dwarf;
				ENABLE_STRICT_OBJC_MSGSEND = YES;
				ENABLE_TESTABILITY = YES;
				GCC_C_LANGUAGE_STANDARD = gnu11;
				GCC_DYNAMIC_NO_PIC = NO;
				GCC_NO_COMMON_BLOCKS = YES;
				GCC_OPTIMIZATION_LEVEL = 0;
				GCC_PREPROCESSOR_DEFINITIONS = (
					"DEBUG=1",
					"$(inherited)",
				);
				GCC_WARN_64_TO_32_BIT_CONVERSION = YES;
				GCC_WARN_ABOUT_RETURN_TYPE = YES_ERROR;
				GCC_WARN_UNDECLARED_SELECTOR = YES;
				GCC_WARN_UNINITIALIZED_AUTOS = YES_AGGRESSIVE;
				GCC_WARN_UNUSED_FUNCTION = YES;
				GCC_WARN_UNUSED_VARIABLE = YES;
				IPHONEOS_DEPLOYMENT_TARGET = 15.2;
				MTL_ENABLE_DEBUG_INFO = INCLUDE_SOURCE;
				MTL_FAST_MATH = YES;
				ONLY_ACTIVE_ARCH = YES;
				SDKROOT = iphoneos;
				SWIFT_ACTIVE_COMPILATION_CONDITIONS = DEBUG;
				SWIFT_OPTIMIZATION_LEVEL = "-Onone";
			};
			name = Debug;
		};
		0A85A228279EDE1D00BE758C /* Release */ = {
			isa = XCBuildConfiguration;
			buildSettings = {
				ALWAYS_SEARCH_USER_PATHS = NO;
				CLANG_ANALYZER_NONNULL = YES;
				CLANG_ANALYZER_NUMBER_OBJECT_CONVERSION = YES_AGGRESSIVE;
				CLANG_CXX_LANGUAGE_STANDARD = "gnu++17";
				CLANG_CXX_LIBRARY = "libc++";
				CLANG_ENABLE_MODULES = YES;
				CLANG_ENABLE_OBJC_ARC = YES;
				CLANG_ENABLE_OBJC_WEAK = YES;
				CLANG_WARN_BLOCK_CAPTURE_AUTORELEASING = YES;
				CLANG_WARN_BOOL_CONVERSION = YES;
				CLANG_WARN_COMMA = YES;
				CLANG_WARN_CONSTANT_CONVERSION = YES;
				CLANG_WARN_DEPRECATED_OBJC_IMPLEMENTATIONS = YES;
				CLANG_WARN_DIRECT_OBJC_ISA_USAGE = YES_ERROR;
				CLANG_WARN_DOCUMENTATION_COMMENTS = YES;
				CLANG_WARN_EMPTY_BODY = YES;
				CLANG_WARN_ENUM_CONVERSION = YES;
				CLANG_WARN_INFINITE_RECURSION = YES;
				CLANG_WARN_INT_CONVERSION = YES;
				CLANG_WARN_NON_LITERAL_NULL_CONVERSION = YES;
				CLANG_WARN_OBJC_IMPLICIT_RETAIN_SELF = YES;
				CLANG_WARN_OBJC_LITERAL_CONVERSION = YES;
				CLANG_WARN_OBJC_ROOT_CLASS = YES_ERROR;
				CLANG_WARN_QUOTED_INCLUDE_IN_FRAMEWORK_HEADER = YES;
				CLANG_WARN_RANGE_LOOP_ANALYSIS = YES;
				CLANG_WARN_STRICT_PROTOTYPES = YES;
				CLANG_WARN_SUSPICIOUS_MOVE = YES;
				CLANG_WARN_UNGUARDED_AVAILABILITY = YES_AGGRESSIVE;
				CLANG_WARN_UNREACHABLE_CODE = YES;
				CLANG_WARN__DUPLICATE_METHOD_MATCH = YES;
				COPY_PHASE_STRIP = NO;
				DEBUG_INFORMATION_FORMAT = "dwarf-with-dsym";
				ENABLE_NS_ASSERTIONS = NO;
				ENABLE_STRICT_OBJC_MSGSEND = YES;
				GCC_C_LANGUAGE_STANDARD = gnu11;
				GCC_NO_COMMON_BLOCKS = YES;
				GCC_WARN_64_TO_32_BIT_CONVERSION = YES;
				GCC_WARN_ABOUT_RETURN_TYPE = YES_ERROR;
				GCC_WARN_UNDECLARED_SELECTOR = YES;
				GCC_WARN_UNINITIALIZED_AUTOS = YES_AGGRESSIVE;
				GCC_WARN_UNUSED_FUNCTION = YES;
				GCC_WARN_UNUSED_VARIABLE = YES;
				IPHONEOS_DEPLOYMENT_TARGET = 15.2;
				MTL_ENABLE_DEBUG_INFO = NO;
				MTL_FAST_MATH = YES;
				SDKROOT = iphoneos;
				SWIFT_COMPILATION_MODE = wholemodule;
				SWIFT_OPTIMIZATION_LEVEL = "-O";
				VALIDATE_PRODUCT = YES;
			};
			name = Release;
		};
		0A85A22A279EDE1D00BE758C /* Debug */ = {
			isa = XCBuildConfiguration;
			baseConfigurationReference = 058362ACF0AA162A9E5B3FB1 /* Pods-life-bet.debug.xcconfig */;
			buildSettings = {
				ASSETCATALOG_COMPILER_APPICON_NAME = AppIcon;
				ASSETCATALOG_COMPILER_GLOBAL_ACCENT_COLOR_NAME = AccentColor;
				CODE_SIGN_IDENTITY = "Apple Development";
				CODE_SIGN_STYLE = Automatic;
				CURRENT_PROJECT_VERSION = 1;
				DEVELOPMENT_TEAM = G89WYP7829;
				GENERATE_INFOPLIST_FILE = YES;
				INFOPLIST_FILE = "life-bet/Info.plist";
				INFOPLIST_KEY_CFBundleDisplayName = "Life Bets";
				INFOPLIST_KEY_NSUserTrackingUsageDescription = "表示される広告の最適化のために使用します。";
				INFOPLIST_KEY_UIApplicationSupportsIndirectInputEvents = YES;
				INFOPLIST_KEY_UILaunchStoryboardName = LaunchScreen;
				INFOPLIST_KEY_UIMainStoryboardFile = Main;
				INFOPLIST_KEY_UISupportedInterfaceOrientations = UIInterfaceOrientationPortrait;
				INFOPLIST_KEY_UISupportedInterfaceOrientations_iPad = "UIInterfaceOrientationPortrait UIInterfaceOrientationPortraitUpsideDown UIInterfaceOrientationLandscapeLeft UIInterfaceOrientationLandscapeRight";
				INFOPLIST_KEY_UISupportedInterfaceOrientations_iPhone = "UIInterfaceOrientationPortrait UIInterfaceOrientationLandscapeLeft UIInterfaceOrientationLandscapeRight";
				IPHONEOS_DEPLOYMENT_TARGET = 13.0;
				LD_RUNPATH_SEARCH_PATHS = (
					"$(inherited)",
					"@executable_path/Frameworks",
				);
				MARKETING_VERSION = 1.0.0;
				PRODUCT_BUNDLE_IDENTIFIER = "jp.co.life-bet";
				PRODUCT_NAME = "$(TARGET_NAME)";
				PROVISIONING_PROFILE_SPECIFIER = "";
				SWIFT_EMIT_LOC_STRINGS = YES;
				SWIFT_VERSION = 5.0;
				TARGETED_DEVICE_FAMILY = 1;
			};
			name = Debug;
		};
		0A85A22B279EDE1D00BE758C /* Release */ = {
			isa = XCBuildConfiguration;
			baseConfigurationReference = 6BD2E91D82DD7402CD4BC666 /* Pods-life-bet.release.xcconfig */;
			buildSettings = {
				ASSETCATALOG_COMPILER_APPICON_NAME = AppIcon;
				ASSETCATALOG_COMPILER_GLOBAL_ACCENT_COLOR_NAME = AccentColor;
				CODE_SIGN_IDENTITY = "iPhone Distribution";
				CODE_SIGN_STYLE = Manual;
				CURRENT_PROJECT_VERSION = 1;
				DEVELOPMENT_TEAM = G89WYP7829;
				GENERATE_INFOPLIST_FILE = YES;
				INFOPLIST_FILE = "life-bet/Info.plist";
				INFOPLIST_KEY_CFBundleDisplayName = "Life Bets";
				INFOPLIST_KEY_NSUserTrackingUsageDescription = "表示される広告の最適化のために使用します。";
				INFOPLIST_KEY_UIApplicationSupportsIndirectInputEvents = YES;
				INFOPLIST_KEY_UILaunchStoryboardName = LaunchScreen;
				INFOPLIST_KEY_UIMainStoryboardFile = Main;
				INFOPLIST_KEY_UISupportedInterfaceOrientations = UIInterfaceOrientationPortrait;
				INFOPLIST_KEY_UISupportedInterfaceOrientations_iPad = "UIInterfaceOrientationPortrait UIInterfaceOrientationPortraitUpsideDown UIInterfaceOrientationLandscapeLeft UIInterfaceOrientationLandscapeRight";
				INFOPLIST_KEY_UISupportedInterfaceOrientations_iPhone = "UIInterfaceOrientationPortrait UIInterfaceOrientationLandscapeLeft UIInterfaceOrientationLandscapeRight";
				IPHONEOS_DEPLOYMENT_TARGET = 13.0;
				LD_RUNPATH_SEARCH_PATHS = (
					"$(inherited)",
					"@executable_path/Frameworks",
				);
				MARKETING_VERSION = 1.0.0;
				PRODUCT_BUNDLE_IDENTIFIER = "jp.co.life-bet";
				PRODUCT_NAME = "$(TARGET_NAME)";
				PROVISIONING_PROFILE_SPECIFIER = "XC Life-Bet";
				SWIFT_ACTIVE_COMPILATION_CONDITIONS = RELEASE;
				SWIFT_EMIT_LOC_STRINGS = YES;
				SWIFT_VERSION = 5.0;
				TARGETED_DEVICE_FAMILY = 1;
			};
			name = Release;
		};
		0A85A22D279EDE1D00BE758C /* Debug */ = {
			isa = XCBuildConfiguration;
			buildSettings = {
				ALWAYS_EMBED_SWIFT_STANDARD_LIBRARIES = YES;
				BUNDLE_LOADER = "$(TEST_HOST)";
				CODE_SIGN_STYLE = Automatic;
				CURRENT_PROJECT_VERSION = 1;
				DEVELOPMENT_TEAM = G89WYP7829;
				GENERATE_INFOPLIST_FILE = YES;
				IPHONEOS_DEPLOYMENT_TARGET = 15.2;
				MARKETING_VERSION = 1.0;
				PRODUCT_BUNDLE_IDENTIFIER = "jp.co.life-betTests";
				PRODUCT_NAME = "$(TARGET_NAME)";
				SWIFT_EMIT_LOC_STRINGS = NO;
				SWIFT_VERSION = 5.0;
				TARGETED_DEVICE_FAMILY = "1,2";
				TEST_HOST = "$(BUILT_PRODUCTS_DIR)/life-bet.app/life-bet";
			};
			name = Debug;
		};
		0A85A22E279EDE1D00BE758C /* Release */ = {
			isa = XCBuildConfiguration;
			buildSettings = {
				ALWAYS_EMBED_SWIFT_STANDARD_LIBRARIES = YES;
				BUNDLE_LOADER = "$(TEST_HOST)";
				CODE_SIGN_STYLE = Automatic;
				CURRENT_PROJECT_VERSION = 1;
				DEVELOPMENT_TEAM = G89WYP7829;
				GENERATE_INFOPLIST_FILE = YES;
				IPHONEOS_DEPLOYMENT_TARGET = 15.2;
				MARKETING_VERSION = 1.0;
				PRODUCT_BUNDLE_IDENTIFIER = "jp.co.life-betTests";
				PRODUCT_NAME = "$(TARGET_NAME)";
				SWIFT_EMIT_LOC_STRINGS = NO;
				SWIFT_VERSION = 5.0;
				TARGETED_DEVICE_FAMILY = "1,2";
				TEST_HOST = "$(BUILT_PRODUCTS_DIR)/life-bet.app/life-bet";
			};
			name = Release;
		};
		0A85A230279EDE1D00BE758C /* Debug */ = {
			isa = XCBuildConfiguration;
			buildSettings = {
				ALWAYS_EMBED_SWIFT_STANDARD_LIBRARIES = YES;
				CODE_SIGN_STYLE = Automatic;
				CURRENT_PROJECT_VERSION = 1;
				DEVELOPMENT_TEAM = G89WYP7829;
				GENERATE_INFOPLIST_FILE = YES;
				MARKETING_VERSION = 1.0;
				PRODUCT_BUNDLE_IDENTIFIER = "jp.co.life-betUITests";
				PRODUCT_NAME = "$(TARGET_NAME)";
				SWIFT_EMIT_LOC_STRINGS = NO;
				SWIFT_VERSION = 5.0;
				TARGETED_DEVICE_FAMILY = "1,2";
				TEST_TARGET_NAME = "life-bet";
			};
			name = Debug;
		};
		0A85A231279EDE1D00BE758C /* Release */ = {
			isa = XCBuildConfiguration;
			buildSettings = {
				ALWAYS_EMBED_SWIFT_STANDARD_LIBRARIES = YES;
				CODE_SIGN_STYLE = Automatic;
				CURRENT_PROJECT_VERSION = 1;
				DEVELOPMENT_TEAM = G89WYP7829;
				GENERATE_INFOPLIST_FILE = YES;
				MARKETING_VERSION = 1.0;
				PRODUCT_BUNDLE_IDENTIFIER = "jp.co.life-betUITests";
				PRODUCT_NAME = "$(TARGET_NAME)";
				SWIFT_EMIT_LOC_STRINGS = NO;
				SWIFT_VERSION = 5.0;
				TARGETED_DEVICE_FAMILY = "1,2";
				TEST_TARGET_NAME = "life-bet";
			};
			name = Release;
		};
/* End XCBuildConfiguration section */

/* Begin XCConfigurationList section */
		0A85A1FA279EDE1900BE758C /* Build configuration list for PBXProject "life-bet" */ = {
			isa = XCConfigurationList;
			buildConfigurations = (
				0A85A227279EDE1D00BE758C /* Debug */,
				0A85A228279EDE1D00BE758C /* Release */,
			);
			defaultConfigurationIsVisible = 0;
			defaultConfigurationName = Release;
		};
		0A85A229279EDE1D00BE758C /* Build configuration list for PBXNativeTarget "life-bet" */ = {
			isa = XCConfigurationList;
			buildConfigurations = (
				0A85A22A279EDE1D00BE758C /* Debug */,
				0A85A22B279EDE1D00BE758C /* Release */,
			);
			defaultConfigurationIsVisible = 0;
			defaultConfigurationName = Release;
		};
		0A85A22C279EDE1D00BE758C /* Build configuration list for PBXNativeTarget "life-betTests" */ = {
			isa = XCConfigurationList;
			buildConfigurations = (
				0A85A22D279EDE1D00BE758C /* Debug */,
				0A85A22E279EDE1D00BE758C /* Release */,
			);
			defaultConfigurationIsVisible = 0;
			defaultConfigurationName = Release;
		};
		0A85A22F279EDE1D00BE758C /* Build configuration list for PBXNativeTarget "life-betUITests" */ = {
			isa = XCConfigurationList;
			buildConfigurations = (
				0A85A230279EDE1D00BE758C /* Debug */,
				0A85A231279EDE1D00BE758C /* Release */,
			);
			defaultConfigurationIsVisible = 0;
			defaultConfigurationName = Release;
		};
/* End XCConfigurationList section */
	};
	rootObject = 0A85A1F7279EDE1900BE758C /* Project object */;
}
